// !$*UTF8*$!
{
	archiveVersion = 1;
	classes = {
	};
	objectVersion = 55;
	objects = {

/* Begin PBXBuildFile section */
		4859D09C288628DD001094FC /* AppDelegate.swift in Sources */ = {isa = PBXBuildFile; fileRef = 4859D09B288628DD001094FC /* AppDelegate.swift */; };
		4859D09E288628DD001094FC /* SceneDelegate.swift in Sources */ = {isa = PBXBuildFile; fileRef = 4859D09D288628DD001094FC /* SceneDelegate.swift */; };
		4859D0A0288628DD001094FC /* ViewController.swift in Sources */ = {isa = PBXBuildFile; fileRef = 4859D09F288628DD001094FC /* ViewController.swift */; };
		4859D0A3288628DD001094FC /* Main.storyboard in Resources */ = {isa = PBXBuildFile; fileRef = 4859D0A1288628DD001094FC /* Main.storyboard */; };
		4859D0A5288628E0001094FC /* Assets.xcassets in Resources */ = {isa = PBXBuildFile; fileRef = 4859D0A4288628E0001094FC /* Assets.xcassets */; };
		4859D0A8288628E0001094FC /* LaunchScreen.storyboard in Resources */ = {isa = PBXBuildFile; fileRef = 4859D0A6288628E0001094FC /* LaunchScreen.storyboard */; };
		4859D0B1288D4ED0001094FC /* Pokemon.swift in Sources */ = {isa = PBXBuildFile; fileRef = 4859D0B0288D4ED0001094FC /* Pokemon.swift */; };
		4859D0B3288D4F4A001094FC /* Model.swift in Sources */ = {isa = PBXBuildFile; fileRef = 4859D0B2288D4F4A001094FC /* Model.swift */; };
		4859D0B5288D5007001094FC /* UserActivity.swift in Sources */ = {isa = PBXBuildFile; fileRef = 4859D0B4288D5007001094FC /* UserActivity.swift */; };
		4859D0B8288D5330001094FC /* PokemonManager.swift in Sources */ = {isa = PBXBuildFile; fileRef = 4859D0B7288D5330001094FC /* PokemonManager.swift */; };
		4859D0BE288D5650001094FC /* PokemonGalleryCell.swift in Sources */ = {isa = PBXBuildFile; fileRef = 4859D0BC288D5650001094FC /* PokemonGalleryCell.swift */; };
		4859D0BF288D5650001094FC /* PokemonGalleryCell.xib in Resources */ = {isa = PBXBuildFile; fileRef = 4859D0BD288D5650001094FC /* PokemonGalleryCell.xib */; };
		4859D0C2288D58E1001094FC /* UIImageView+.swift in Sources */ = {isa = PBXBuildFile; fileRef = 4859D0C1288D58E1001094FC /* UIImageView+.swift */; };
		4859D0C4288D5B26001094FC /* Error.swift in Sources */ = {isa = PBXBuildFile; fileRef = 4859D0C3288D5B26001094FC /* Error.swift */; };
		4859D0C8288F9F5B001094FC /* PokemonDetailViewController.swift in Sources */ = {isa = PBXBuildFile; fileRef = 4859D0C6288F9F5B001094FC /* PokemonDetailViewController.swift */; };
		4859D0C9288F9F5B001094FC /* PokemonDetailViewController.xib in Resources */ = {isa = PBXBuildFile; fileRef = 4859D0C7288F9F5B001094FC /* PokemonDetailViewController.xib */; };
/* End PBXBuildFile section */

/* Begin PBXFileReference section */
		4859D098288628DD001094FC /* MultiWindowExample.app */ = {isa = PBXFileReference; explicitFileType = wrapper.application; includeInIndex = 0; path = MultiWindowExample.app; sourceTree = BUILT_PRODUCTS_DIR; };
		4859D09B288628DD001094FC /* AppDelegate.swift */ = {isa = PBXFileReference; lastKnownFileType = sourcecode.swift; path = AppDelegate.swift; sourceTree = "<group>"; };
		4859D09D288628DD001094FC /* SceneDelegate.swift */ = {isa = PBXFileReference; lastKnownFileType = sourcecode.swift; path = SceneDelegate.swift; sourceTree = "<group>"; };
		4859D09F288628DD001094FC /* ViewController.swift */ = {isa = PBXFileReference; lastKnownFileType = sourcecode.swift; path = ViewController.swift; sourceTree = "<group>"; };
		4859D0A2288628DD001094FC /* Base */ = {isa = PBXFileReference; lastKnownFileType = file.storyboard; name = Base; path = Base.lproj/Main.storyboard; sourceTree = "<group>"; };
		4859D0A4288628E0001094FC /* Assets.xcassets */ = {isa = PBXFileReference; lastKnownFileType = folder.assetcatalog; path = Assets.xcassets; sourceTree = "<group>"; };
		4859D0A7288628E0001094FC /* Base */ = {isa = PBXFileReference; lastKnownFileType = file.storyboard; name = Base; path = Base.lproj/LaunchScreen.storyboard; sourceTree = "<group>"; };
		4859D0A9288628E0001094FC /* Info.plist */ = {isa = PBXFileReference; lastKnownFileType = text.plist.xml; path = Info.plist; sourceTree = "<group>"; };
		4859D0B0288D4ED0001094FC /* Pokemon.swift */ = {isa = PBXFileReference; lastKnownFileType = sourcecode.swift; path = Pokemon.swift; sourceTree = "<group>"; };
		4859D0B2288D4F4A001094FC /* Model.swift */ = {isa = PBXFileReference; lastKnownFileType = sourcecode.swift; path = Model.swift; sourceTree = "<group>"; };
		4859D0B4288D5007001094FC /* UserActivity.swift */ = {isa = PBXFileReference; lastKnownFileType = sourcecode.swift; path = UserActivity.swift; sourceTree = "<group>"; };
		4859D0B7288D5330001094FC /* PokemonManager.swift */ = {isa = PBXFileReference; lastKnownFileType = sourcecode.swift; path = PokemonManager.swift; sourceTree = "<group>"; };
		4859D0BC288D5650001094FC /* PokemonGalleryCell.swift */ = {isa = PBXFileReference; lastKnownFileType = sourcecode.swift; path = PokemonGalleryCell.swift; sourceTree = "<group>"; };
		4859D0BD288D5650001094FC /* PokemonGalleryCell.xib */ = {isa = PBXFileReference; lastKnownFileType = file.xib; path = PokemonGalleryCell.xib; sourceTree = "<group>"; };
		4859D0C1288D58E1001094FC /* UIImageView+.swift */ = {isa = PBXFileReference; lastKnownFileType = sourcecode.swift; path = "UIImageView+.swift"; sourceTree = "<group>"; };
		4859D0C3288D5B26001094FC /* Error.swift */ = {isa = PBXFileReference; lastKnownFileType = sourcecode.swift; path = Error.swift; sourceTree = "<group>"; };
		4859D0C6288F9F5B001094FC /* PokemonDetailViewController.swift */ = {isa = PBXFileReference; lastKnownFileType = sourcecode.swift; path = PokemonDetailViewController.swift; sourceTree = "<group>"; };
		4859D0C7288F9F5B001094FC /* PokemonDetailViewController.xib */ = {isa = PBXFileReference; lastKnownFileType = file.xib; path = PokemonDetailViewController.xib; sourceTree = "<group>"; };
/* End PBXFileReference section */

/* Begin PBXFrameworksBuildPhase section */
		4859D095288628DD001094FC /* Frameworks */ = {
			isa = PBXFrameworksBuildPhase;
			buildActionMask = 2147483647;
			files = (
			);
			runOnlyForDeploymentPostprocessing = 0;
		};
/* End PBXFrameworksBuildPhase section */

/* Begin PBXGroup section */
		4859D08F288628DD001094FC = {
			isa = PBXGroup;
			children = (
				4859D09A288628DD001094FC /* MultiWindowExample */,
				4859D099288628DD001094FC /* Products */,
			);
			sourceTree = "<group>";
		};
		4859D099288628DD001094FC /* Products */ = {
			isa = PBXGroup;
			children = (
				4859D098288628DD001094FC /* MultiWindowExample.app */,
			);
			name = Products;
			sourceTree = "<group>";
		};
		4859D09A288628DD001094FC /* MultiWindowExample */ = {
			isa = PBXGroup;
			children = (
				4859D0C0288D58CA001094FC /* Extension */,
				4859D0BA288D5622001094FC /* View */,
				4859D0B9288D547F001094FC /* GalleryScene */,
				4859D0B6288D5320001094FC /* DataManager */,
				4859D0AF288D4EAC001094FC /* Model */,
				4859D09B288628DD001094FC /* AppDelegate.swift */,
				4859D0A4288628E0001094FC /* Assets.xcassets */,
				4859D0A6288628E0001094FC /* LaunchScreen.storyboard */,
				4859D0A9288628E0001094FC /* Info.plist */,
			);
			path = MultiWindowExample;
			sourceTree = "<group>";
		};
		4859D0AF288D4EAC001094FC /* Model */ = {
			isa = PBXGroup;
			children = (
				4859D0B0288D4ED0001094FC /* Pokemon.swift */,
				4859D0B2288D4F4A001094FC /* Model.swift */,
				4859D0B4288D5007001094FC /* UserActivity.swift */,
				4859D0C3288D5B26001094FC /* Error.swift */,
			);
			path = Model;
			sourceTree = "<group>";
		};
		4859D0B6288D5320001094FC /* DataManager */ = {
			isa = PBXGroup;
			children = (
				4859D0B7288D5330001094FC /* PokemonManager.swift */,
			);
			path = DataManager;
			sourceTree = "<group>";
		};
		4859D0B9288D547F001094FC /* GalleryScene */ = {
			isa = PBXGroup;
			children = (
				4859D0C5288F9F09001094FC /* Detail */,
				4859D09F288628DD001094FC /* ViewController.swift */,
				4859D0A1288628DD001094FC /* Main.storyboard */,
				4859D09D288628DD001094FC /* SceneDelegate.swift */,
			);
			path = GalleryScene;
			sourceTree = "<group>";
		};
		4859D0BA288D5622001094FC /* View */ = {
			isa = PBXGroup;
			children = (
				4859D0BB288D5628001094FC /* Cell */,
			);
			path = View;
			sourceTree = "<group>";
		};
		4859D0BB288D5628001094FC /* Cell */ = {
			isa = PBXGroup;
			children = (
				4859D0BC288D5650001094FC /* PokemonGalleryCell.swift */,
				4859D0BD288D5650001094FC /* PokemonGalleryCell.xib */,
			);
			path = Cell;
			sourceTree = "<group>";
		};
		4859D0C0288D58CA001094FC /* Extension */ = {
			isa = PBXGroup;
			children = (
				4859D0C1288D58E1001094FC /* UIImageView+.swift */,
			);
			path = Extension;
			sourceTree = "<group>";
		};
		4859D0C5288F9F09001094FC /* Detail */ = {
			isa = PBXGroup;
			children = (
				4859D0C6288F9F5B001094FC /* PokemonDetailViewController.swift */,
				4859D0C7288F9F5B001094FC /* PokemonDetailViewController.xib */,
			);
			path = Detail;
			sourceTree = "<group>";
		};
/* End PBXGroup section */

/* Begin PBXNativeTarget section */
		4859D097288628DD001094FC /* MultiWindowExample */ = {
			isa = PBXNativeTarget;
			buildConfigurationList = 4859D0AC288628E0001094FC /* Build configuration list for PBXNativeTarget "MultiWindowExample" */;
			buildPhases = (
				4859D094288628DD001094FC /* Sources */,
				4859D095288628DD001094FC /* Frameworks */,
				4859D096288628DD001094FC /* Resources */,
			);
			buildRules = (
			);
			dependencies = (
			);
			name = MultiWindowExample;
			productName = MultiWindowExample;
			productReference = 4859D098288628DD001094FC /* MultiWindowExample.app */;
			productType = "com.apple.product-type.application";
		};
/* End PBXNativeTarget section */

/* Begin PBXProject section */
		4859D090288628DD001094FC /* Project object */ = {
			isa = PBXProject;
			attributes = {
				BuildIndependentTargetsInParallel = 1;
				LastSwiftUpdateCheck = 1340;
				LastUpgradeCheck = 1340;
				TargetAttributes = {
					4859D097288628DD001094FC = {
						CreatedOnToolsVersion = 13.4.1;
					};
				};
			};
			buildConfigurationList = 4859D093288628DD001094FC /* Build configuration list for PBXProject "MultiWindowExample" */;
			compatibilityVersion = "Xcode 13.0";
			developmentRegion = en;
			hasScannedForEncodings = 0;
			knownRegions = (
				en,
				Base,
			);
			mainGroup = 4859D08F288628DD001094FC;
			productRefGroup = 4859D099288628DD001094FC /* Products */;
			projectDirPath = "";
			projectRoot = "";
			targets = (
				4859D097288628DD001094FC /* MultiWindowExample */,
			);
		};
/* End PBXProject section */

/* Begin PBXResourcesBuildPhase section */
		4859D096288628DD001094FC /* Resources */ = {
			isa = PBXResourcesBuildPhase;
			buildActionMask = 2147483647;
			files = (
				4859D0BF288D5650001094FC /* PokemonGalleryCell.xib in Resources */,
				4859D0A8288628E0001094FC /* LaunchScreen.storyboard in Resources */,
				4859D0A5288628E0001094FC /* Assets.xcassets in Resources */,
				4859D0A3288628DD001094FC /* Main.storyboard in Resources */,
				4859D0C9288F9F5B001094FC /* PokemonDetailViewController.xib in Resources */,
			);
			runOnlyForDeploymentPostprocessing = 0;
		};
/* End PBXResourcesBuildPhase section */

/* Begin PBXSourcesBuildPhase section */
		4859D094288628DD001094FC /* Sources */ = {
			isa = PBXSourcesBuildPhase;
			buildActionMask = 2147483647;
			files = (
				4859D0B3288D4F4A001094FC /* Model.swift in Sources */,
				4859D0B8288D5330001094FC /* PokemonManager.swift in Sources */,
				4859D0B5288D5007001094FC /* UserActivity.swift in Sources */,
				4859D0A0288628DD001094FC /* ViewController.swift in Sources */,
				4859D0C8288F9F5B001094FC /* PokemonDetailViewController.swift in Sources */,
				4859D0BE288D5650001094FC /* PokemonGalleryCell.swift in Sources */,
				4859D0B1288D4ED0001094FC /* Pokemon.swift in Sources */,
				4859D0C2288D58E1001094FC /* UIImageView+.swift in Sources */,
				4859D09C288628DD001094FC /* AppDelegate.swift in Sources */,
				4859D0C4288D5B26001094FC /* Error.swift in Sources */,
				4859D09E288628DD001094FC /* SceneDelegate.swift in Sources */,
			);
			runOnlyForDeploymentPostprocessing = 0;
		};
/* End PBXSourcesBuildPhase section */

/* Begin PBXVariantGroup section */
		4859D0A1288628DD001094FC /* Main.storyboard */ = {
			isa = PBXVariantGroup;
			children = (
				4859D0A2288628DD001094FC /* Base */,
			);
			name = Main.storyboard;
			sourceTree = "<group>";
		};
		4859D0A6288628E0001094FC /* LaunchScreen.storyboard */ = {
			isa = PBXVariantGroup;
			children = (
				4859D0A7288628E0001094FC /* Base */,
			);
			name = LaunchScreen.storyboard;
			sourceTree = "<group>";
		};
/* End PBXVariantGroup section */

/* Begin XCBuildConfiguration section */
		4859D0AA288628E0001094FC /* Debug */ = {
			isa = XCBuildConfiguration;
			buildSettings = {
				ALWAYS_SEARCH_USER_PATHS = NO;
				CLANG_ANALYZER_NONNULL = YES;
				CLANG_ANALYZER_NUMBER_OBJECT_CONVERSION = YES_AGGRESSIVE;
				CLANG_CXX_LANGUAGE_STANDARD = "gnu++17";
				CLANG_ENABLE_MODULES = YES;
				CLANG_ENABLE_OBJC_ARC = YES;
				CLANG_ENABLE_OBJC_WEAK = YES;
				CLANG_WARN_BLOCK_CAPTURE_AUTORELEASING = YES;
				CLANG_WARN_BOOL_CONVERSION = YES;
				CLANG_WARN_COMMA = YES;
				CLANG_WARN_CONSTANT_CONVERSION = YES;
				CLANG_WARN_DEPRECATED_OBJC_IMPLEMENTATIONS = YES;
				CLANG_WARN_DIRECT_OBJC_ISA_USAGE = YES_ERROR;
				CLANG_WARN_DOCUMENTATION_COMMENTS = YES;
				CLANG_WARN_EMPTY_BODY = YES;
				CLANG_WARN_ENUM_CONVERSION = YES;
				CLANG_WARN_INFINITE_RECURSION = YES;
				CLANG_WARN_INT_CONVERSION = YES;
				CLANG_WARN_NON_LITERAL_NULL_CONVERSION = YES;
				CLANG_WARN_OBJC_IMPLICIT_RETAIN_SELF = YES;
				CLANG_WARN_OBJC_LITERAL_CONVERSION = YES;
				CLANG_WARN_OBJC_ROOT_CLASS = YES_ERROR;
				CLANG_WARN_QUOTED_INCLUDE_IN_FRAMEWORK_HEADER = YES;
				CLANG_WARN_RANGE_LOOP_ANALYSIS = YES;
				CLANG_WARN_STRICT_PROTOTYPES = YES;
				CLANG_WARN_SUSPICIOUS_MOVE = YES;
				CLANG_WARN_UNGUARDED_AVAILABILITY = YES_AGGRESSIVE;
				CLANG_WARN_UNREACHABLE_CODE = YES;
				CLANG_WARN__DUPLICATE_METHOD_MATCH = YES;
				COPY_PHASE_STRIP = NO;
				DEBUG_INFORMATION_FORMAT = dwarf;
				ENABLE_STRICT_OBJC_MSGSEND = YES;
				ENABLE_TESTABILITY = YES;
				GCC_C_LANGUAGE_STANDARD = gnu11;
				GCC_DYNAMIC_NO_PIC = NO;
				GCC_NO_COMMON_BLOCKS = YES;
				GCC_OPTIMIZATION_LEVEL = 0;
				GCC_PREPROCESSOR_DEFINITIONS = (
					"DEBUG=1",
					"$(inherited)",
				);
				GCC_WARN_64_TO_32_BIT_CONVERSION = YES;
				GCC_WARN_ABOUT_RETURN_TYPE = YES_ERROR;
				GCC_WARN_UNDECLARED_SELECTOR = YES;
				GCC_WARN_UNINITIALIZED_AUTOS = YES_AGGRESSIVE;
				GCC_WARN_UNUSED_FUNCTION = YES;
				GCC_WARN_UNUSED_VARIABLE = YES;
				IPHONEOS_DEPLOYMENT_TARGET = 15.5;
				MTL_ENABLE_DEBUG_INFO = INCLUDE_SOURCE;
				MTL_FAST_MATH = YES;
				ONLY_ACTIVE_ARCH = YES;
				SDKROOT = iphoneos;
				SWIFT_ACTIVE_COMPILATION_CONDITIONS = DEBUG;
				SWIFT_OPTIMIZATION_LEVEL = "-Onone";
			};
			name = Debug;
		};
		4859D0AB288628E0001094FC /* Release */ = {
			isa = XCBuildConfiguration;
			buildSettings = {
				ALWAYS_SEARCH_USER_PATHS = NO;
				CLANG_ANALYZER_NONNULL = YES;
				CLANG_ANALYZER_NUMBER_OBJECT_CONVERSION = YES_AGGRESSIVE;
				CLANG_CXX_LANGUAGE_STANDARD = "gnu++17";
				CLANG_ENABLE_MODULES = YES;
				CLANG_ENABLE_OBJC_ARC = YES;
				CLANG_ENABLE_OBJC_WEAK = YES;
				CLANG_WARN_BLOCK_CAPTURE_AUTORELEASING = YES;
				CLANG_WARN_BOOL_CONVERSION = YES;
				CLANG_WARN_COMMA = YES;
				CLANG_WARN_CONSTANT_CONVERSION = YES;
				CLANG_WARN_DEPRECATED_OBJC_IMPLEMENTATIONS = YES;
				CLANG_WARN_DIRECT_OBJC_ISA_USAGE = YES_ERROR;
				CLANG_WARN_DOCUMENTATION_COMMENTS = YES;
				CLANG_WARN_EMPTY_BODY = YES;
				CLANG_WARN_ENUM_CONVERSION = YES;
				CLANG_WARN_INFINITE_RECURSION = YES;
				CLANG_WARN_INT_CONVERSION = YES;
				CLANG_WARN_NON_LITERAL_NULL_CONVERSION = YES;
				CLANG_WARN_OBJC_IMPLICIT_RETAIN_SELF = YES;
				CLANG_WARN_OBJC_LITERAL_CONVERSION = YES;
				CLANG_WARN_OBJC_ROOT_CLASS = YES_ERROR;
				CLANG_WARN_QUOTED_INCLUDE_IN_FRAMEWORK_HEADER = YES;
				CLANG_WARN_RANGE_LOOP_ANALYSIS = YES;
				CLANG_WARN_STRICT_PROTOTYPES = YES;
				CLANG_WARN_SUSPICIOUS_MOVE = YES;
				CLANG_WARN_UNGUARDED_AVAILABILITY = YES_AGGRESSIVE;
				CLANG_WARN_UNREACHABLE_CODE = YES;
				CLANG_WARN__DUPLICATE_METHOD_MATCH = YES;
				COPY_PHASE_STRIP = NO;
				DEBUG_INFORMATION_FORMAT = "dwarf-with-dsym";
				ENABLE_NS_ASSERTIONS = NO;
				ENABLE_STRICT_OBJC_MSGSEND = YES;
				GCC_C_LANGUAGE_STANDARD = gnu11;
				GCC_NO_COMMON_BLOCKS = YES;
				GCC_WARN_64_TO_32_BIT_CONVERSION = YES;
				GCC_WARN_ABOUT_RETURN_TYPE = YES_ERROR;
				GCC_WARN_UNDECLARED_SELECTOR = YES;
				GCC_WARN_UNINITIALIZED_AUTOS = YES_AGGRESSIVE;
				GCC_WARN_UNUSED_FUNCTION = YES;
				GCC_WARN_UNUSED_VARIABLE = YES;
				IPHONEOS_DEPLOYMENT_TARGET = 15.5;
				MTL_ENABLE_DEBUG_INFO = NO;
				MTL_FAST_MATH = YES;
				SDKROOT = iphoneos;
				SWIFT_COMPILATION_MODE = wholemodule;
				SWIFT_OPTIMIZATION_LEVEL = "-O";
				VALIDATE_PRODUCT = YES;
			};
			name = Release;
		};
		4859D0AD288628E0001094FC /* Debug */ = {
			isa = XCBuildConfiguration;
			buildSettings = {
				ASSETCATALOG_COMPILER_APPICON_NAME = AppIcon;
				ASSETCATALOG_COMPILER_GLOBAL_ACCENT_COLOR_NAME = AccentColor;
				CODE_SIGN_STYLE = Automatic;
				CURRENT_PROJECT_VERSION = 1;
				DEVELOPMENT_TEAM = 67NJZVUMG3;
				GENERATE_INFOPLIST_FILE = YES;
				INFOPLIST_FILE = MultiWindowExample/Info.plist;
				INFOPLIST_KEY_UIApplicationSupportsIndirectInputEvents = YES;
				INFOPLIST_KEY_UILaunchStoryboardName = LaunchScreen;
				INFOPLIST_KEY_UIMainStoryboardFile = Main;
				INFOPLIST_KEY_UISupportedInterfaceOrientations_iPad = "UIInterfaceOrientationPortrait UIInterfaceOrientationPortraitUpsideDown UIInterfaceOrientationLandscapeLeft UIInterfaceOrientationLandscapeRight";
				INFOPLIST_KEY_UISupportedInterfaceOrientations_iPhone = "UIInterfaceOrientationPortrait UIInterfaceOrientationLandscapeLeft UIInterfaceOrientationLandscapeRight";
				LD_RUNPATH_SEARCH_PATHS = (
					"$(inherited)",
					"@executable_path/Frameworks",
				);
				MARKETING_VERSION = 1.0;
				PRODUCT_BUNDLE_IDENTIFIER = "me.toshi-sv.MultiWindowExample";
				PRODUCT_NAME = "$(TARGET_NAME)";
				SWIFT_EMIT_LOC_STRINGS = YES;
				SWIFT_VERSION = 5.0;
				TARGETED_DEVICE_FAMILY = 2;
			};
			name = Debug;
		};
		4859D0AE288628E0001094FC /* Release */ = {
			isa = XCBuildConfiguration;
			buildSettings = {
				ASSETCATALOG_COMPILER_APPICON_NAME = AppIcon;
				ASSETCATALOG_COMPILER_GLOBAL_ACCENT_COLOR_NAME = AccentColor;
				CODE_SIGN_STYLE = Automatic;
				CURRENT_PROJECT_VERSION = 1;
				DEVELOPMENT_TEAM = 67NJZVUMG3;
				GENERATE_INFOPLIST_FILE = YES;
				INFOPLIST_FILE = MultiWindowExample/Info.plist;
				INFOPLIST_KEY_UIApplicationSupportsIndirectInputEvents = YES;
				INFOPLIST_KEY_UILaunchStoryboardName = LaunchScreen;
				INFOPLIST_KEY_UIMainStoryboardFile = Main;
				INFOPLIST_KEY_UISupportedInterfaceOrientations_iPad = "UIInterfaceOrientationPortrait UIInterfaceOrientationPortraitUpsideDown UIInterfaceOrientationLandscapeLeft UIInterfaceOrientationLandscapeRight";
				INFOPLIST_KEY_UISupportedInterfaceOrientations_iPhone = "UIInterfaceOrientationPortrait UIInterfaceOrientationLandscapeLeft UIInterfaceOrientationLandscapeRight";
				LD_RUNPATH_SEARCH_PATHS = (
					"$(inherited)",
					"@executable_path/Frameworks",
				);
				MARKETING_VERSION = 1.0;
				PRODUCT_BUNDLE_IDENTIFIER = "me.toshi-sv.MultiWindowExample";
				PRODUCT_NAME = "$(TARGET_NAME)";
				SWIFT_EMIT_LOC_STRINGS = YES;
				SWIFT_VERSION = 5.0;
				TARGETED_DEVICE_FAMILY = 2;
			};
			name = Release;
		};
/* End XCBuildConfiguration section */

/* Begin XCConfigurationList section */
		4859D093288628DD001094FC /* Build configuration list for PBXProject "MultiWindowExample" */ = {
			isa = XCConfigurationList;
			buildConfigurations = (
				4859D0AA288628E0001094FC /* Debug */,
				4859D0AB288628E0001094FC /* Release */,
			);
			defaultConfigurationIsVisible = 0;
			defaultConfigurationName = Release;
		};
		4859D0AC288628E0001094FC /* Build configuration list for PBXNativeTarget "MultiWindowExample" */ = {
			isa = XCConfigurationList;
			buildConfigurations = (
				4859D0AD288628E0001094FC /* Debug */,
				4859D0AE288628E0001094FC /* Release */,
			);
			defaultConfigurationIsVisible = 0;
			defaultConfigurationName = Release;
		};
/* End XCConfigurationList section */
	};
	rootObject = 4859D090288628DD001094FC /* Project object */;
}
